// !$*UTF8*$!
{
	archiveVersion = 1;
	classes = {
	};
	objectVersion = 56;
	objects = {

/* Begin PBXBuildFile section */
		AD013A552B980AC500FAA950 /* SwiftUIIntrospectSampleApp.swift in Sources */ = {isa = PBXBuildFile; fileRef = AD013A542B980AC500FAA950 /* SwiftUIIntrospectSampleApp.swift */; };
		AD013A572B980AC500FAA950 /* ContentView.swift in Sources */ = {isa = PBXBuildFile; fileRef = AD013A562B980AC500FAA950 /* ContentView.swift */; };
		AD013A592B980AC700FAA950 /* Assets.xcassets in Resources */ = {isa = PBXBuildFile; fileRef = AD013A582B980AC700FAA950 /* Assets.xcassets */; };
		AD013A5C2B980AC700FAA950 /* Preview Assets.xcassets in Resources */ = {isa = PBXBuildFile; fileRef = AD013A5B2B980AC700FAA950 /* Preview Assets.xcassets */; };
		AD013A632B980AFE00FAA950 /* MainTabView.swift in Sources */ = {isa = PBXBuildFile; fileRef = AD013A622B980AFE00FAA950 /* MainTabView.swift */; };
		AD013A652B980B0700FAA950 /* HomeView.swift in Sources */ = {isa = PBXBuildFile; fileRef = AD013A642B980B0700FAA950 /* HomeView.swift */; };
		AD013A672B980B0D00FAA950 /* SettingView.swift in Sources */ = {isa = PBXBuildFile; fileRef = AD013A662B980B0D00FAA950 /* SettingView.swift */; };
		AD013A692B980C1200FAA950 /* HomeSubView.swift in Sources */ = {isa = PBXBuildFile; fileRef = AD013A682B980C1200FAA950 /* HomeSubView.swift */; };
		AD013A6C2B980CDA00FAA950 /* SwiftUIIntrospect in Frameworks */ = {isa = PBXBuildFile; productRef = AD013A6B2B980CDA00FAA950 /* SwiftUIIntrospect */; };
		AD013A6E2B980CDA00FAA950 /* SwiftUIIntrospect-Dynamic in Frameworks */ = {isa = PBXBuildFile; productRef = AD013A6D2B980CDA00FAA950 /* SwiftUIIntrospect-Dynamic */; };
		AD013A702B980CDA00FAA950 /* SwiftUIIntrospect-Static in Frameworks */ = {isa = PBXBuildFile; productRef = AD013A6F2B980CDA00FAA950 /* SwiftUIIntrospect-Static */; };
		AD013A722B993CF700FAA950 /* RootNavigator.swift in Sources */ = {isa = PBXBuildFile; fileRef = AD013A712B993CF700FAA950 /* RootNavigator.swift */; };
/* End PBXBuildFile section */

/* Begin PBXFileReference section */
		AD013A512B980AC500FAA950 /* SwiftUIIntrospectSample.app */ = {isa = PBXFileReference; explicitFileType = wrapper.application; includeInIndex = 0; path = SwiftUIIntrospectSample.app; sourceTree = BUILT_PRODUCTS_DIR; };
		AD013A542B980AC500FAA950 /* SwiftUIIntrospectSampleApp.swift */ = {isa = PBXFileReference; lastKnownFileType = sourcecode.swift; path = SwiftUIIntrospectSampleApp.swift; sourceTree = "<group>"; };
		AD013A562B980AC500FAA950 /* ContentView.swift */ = {isa = PBXFileReference; lastKnownFileType = sourcecode.swift; path = ContentView.swift; sourceTree = "<group>"; };
		AD013A582B980AC700FAA950 /* Assets.xcassets */ = {isa = PBXFileReference; lastKnownFileType = folder.assetcatalog; path = Assets.xcassets; sourceTree = "<group>"; };
		AD013A5B2B980AC700FAA950 /* Preview Assets.xcassets */ = {isa = PBXFileReference; lastKnownFileType = folder.assetcatalog; path = "Preview Assets.xcassets"; sourceTree = "<group>"; };
		AD013A622B980AFE00FAA950 /* MainTabView.swift */ = {isa = PBXFileReference; lastKnownFileType = sourcecode.swift; path = MainTabView.swift; sourceTree = "<group>"; };
		AD013A642B980B0700FAA950 /* HomeView.swift */ = {isa = PBXFileReference; lastKnownFileType = sourcecode.swift; path = HomeView.swift; sourceTree = "<group>"; };
		AD013A662B980B0D00FAA950 /* SettingView.swift */ = {isa = PBXFileReference; lastKnownFileType = sourcecode.swift; path = SettingView.swift; sourceTree = "<group>"; };
		AD013A682B980C1200FAA950 /* HomeSubView.swift */ = {isa = PBXFileReference; lastKnownFileType = sourcecode.swift; path = HomeSubView.swift; sourceTree = "<group>"; };
		AD013A712B993CF700FAA950 /* RootNavigator.swift */ = {isa = PBXFileReference; lastKnownFileType = sourcecode.swift; path = RootNavigator.swift; sourceTree = "<group>"; };
/* End PBXFileReference section */

/* Begin PBXFrameworksBuildPhase section */
		AD013A4E2B980AC500FAA950 /* Frameworks */ = {
			isa = PBXFrameworksBuildPhase;
			buildActionMask = 2147483647;
			files = (
				AD013A6C2B980CDA00FAA950 /* SwiftUIIntrospect in Frameworks */,
				AD013A6E2B980CDA00FAA950 /* SwiftUIIntrospect-Dynamic in Frameworks */,
				AD013A702B980CDA00FAA950 /* SwiftUIIntrospect-Static in Frameworks */,
			);
			runOnlyForDeploymentPostprocessing = 0;
		};
/* End PBXFrameworksBuildPhase section */

/* Begin PBXGroup section */
		AD013A482B980AC500FAA950 = {
			isa = PBXGroup;
			children = (
				AD013A532B980AC500FAA950 /* SwiftUIIntrospectSample */,
				AD013A522B980AC500FAA950 /* Products */,
			);
			sourceTree = "<group>";
		};
		AD013A522B980AC500FAA950 /* Products */ = {
			isa = PBXGroup;
			children = (
				AD013A512B980AC500FAA950 /* SwiftUIIntrospectSample.app */,
			);
			name = Products;
			sourceTree = "<group>";
		};
		AD013A532B980AC500FAA950 /* SwiftUIIntrospectSample */ = {
			isa = PBXGroup;
			children = (
				AD013A542B980AC500FAA950 /* SwiftUIIntrospectSampleApp.swift */,
				AD013A562B980AC500FAA950 /* ContentView.swift */,
				AD013A582B980AC700FAA950 /* Assets.xcassets */,
				AD013A5A2B980AC700FAA950 /* Preview Content */,
				AD013A622B980AFE00FAA950 /* MainTabView.swift */,
				AD013A642B980B0700FAA950 /* HomeView.swift */,
				AD013A662B980B0D00FAA950 /* SettingView.swift */,
				AD013A682B980C1200FAA950 /* HomeSubView.swift */,
				AD013A712B993CF700FAA950 /* RootNavigator.swift */,
			);
			path = SwiftUIIntrospectSample;
			sourceTree = "<group>";
		};
		AD013A5A2B980AC700FAA950 /* Preview Content */ = {
			isa = PBXGroup;
			children = (
				AD013A5B2B980AC700FAA950 /* Preview Assets.xcassets */,
			);
			path = "Preview Content";
			sourceTree = "<group>";
		};
/* End PBXGroup section */

/* Begin PBXNativeTarget section */
		AD013A502B980AC500FAA950 /* SwiftUIIntrospectSample */ = {
			isa = PBXNativeTarget;
			buildConfigurationList = AD013A5F2B980AC700FAA950 /* Build configuration list for PBXNativeTarget "SwiftUIIntrospectSample" */;
			buildPhases = (
				AD013A4D2B980AC500FAA950 /* Sources */,
				AD013A4E2B980AC500FAA950 /* Frameworks */,
				AD013A4F2B980AC500FAA950 /* Resources */,
			);
			buildRules = (
			);
			dependencies = (
			);
			name = SwiftUIIntrospectSample;
			packageProductDependencies = (
				AD013A6B2B980CDA00FAA950 /* SwiftUIIntrospect */,
				AD013A6D2B980CDA00FAA950 /* SwiftUIIntrospect-Dynamic */,
				AD013A6F2B980CDA00FAA950 /* SwiftUIIntrospect-Static */,
			);
			productName = SwiftUIIntrospectSample;
			productReference = AD013A512B980AC500FAA950 /* SwiftUIIntrospectSample.app */;
			productType = "com.apple.product-type.application";
		};
/* End PBXNativeTarget section */

/* Begin PBXProject section */
		AD013A492B980AC500FAA950 /* Project object */ = {
			isa = PBXProject;
			attributes = {
				BuildIndependentTargetsInParallel = 1;
				LastSwiftUpdateCheck = 1520;
				LastUpgradeCheck = 1520;
				TargetAttributes = {
					AD013A502B980AC500FAA950 = {
						CreatedOnToolsVersion = 15.2;
					};
				};
			};
			buildConfigurationList = AD013A4C2B980AC500FAA950 /* Build configuration list for PBXProject "SwiftUIIntrospectSample" */;
			compatibilityVersion = "Xcode 14.0";
			developmentRegion = en;
			hasScannedForEncodings = 0;
			knownRegions = (
				en,
				Base,
			);
			mainGroup = AD013A482B980AC500FAA950;
			packageReferences = (
				AD013A6A2B980CDA00FAA950 /* XCRemoteSwiftPackageReference "swiftui-introspect" */,
			);
			productRefGroup = AD013A522B980AC500FAA950 /* Products */;
			projectDirPath = "";
			projectRoot = "";
			targets = (
				AD013A502B980AC500FAA950 /* SwiftUIIntrospectSample */,
			);
		};
/* End PBXProject section */

/* Begin PBXResourcesBuildPhase section */
		AD013A4F2B980AC500FAA950 /* Resources */ = {
			isa = PBXResourcesBuildPhase;
			buildActionMask = 2147483647;
			files = (
				AD013A5C2B980AC700FAA950 /* Preview Assets.xcassets in Resources */,
				AD013A592B980AC700FAA950 /* Assets.xcassets in Resources */,
			);
			runOnlyForDeploymentPostprocessing = 0;
		};
/* End PBXResourcesBuildPhase section */

/* Begin PBXSourcesBuildPhase section */
		AD013A4D2B980AC500FAA950 /* Sources */ = {
			isa = PBXSourcesBuildPhase;
			buildActionMask = 2147483647;
			files = (
				AD013A692B980C1200FAA950 /* HomeSubView.swift in Sources */,
				AD013A572B980AC500FAA950 /* ContentView.swift in Sources */,
				AD013A672B980B0D00FAA950 /* SettingView.swift in Sources */,
				AD013A722B993CF700FAA950 /* RootNavigator.swift in Sources */,
				AD013A652B980B0700FAA950 /* HomeView.swift in Sources */,
				AD013A552B980AC500FAA950 /* SwiftUIIntrospectSampleApp.swift in Sources */,
				AD013A632B980AFE00FAA950 /* MainTabView.swift in Sources */,
			);
			runOnlyForDeploymentPostprocessing = 0;
		};
/* End PBXSourcesBuildPhase section */

/* Begin XCBuildConfiguration section */
		AD013A5D2B980AC700FAA950 /* Debug */ = {
			isa = XCBuildConfiguration;
			buildSettings = {
				ALWAYS_SEARCH_USER_PATHS = NO;
				ASSETCATALOG_COMPILER_GENERATE_SWIFT_ASSET_SYMBOL_EXTENSIONS = YES;
				CLANG_ANALYZER_NONNULL = YES;
				CLANG_ANALYZER_NUMBER_OBJECT_CONVERSION = YES_AGGRESSIVE;
				CLANG_CXX_LANGUAGE_STANDARD = "gnu++20";
				CLANG_ENABLE_MODULES = YES;
				CLANG_ENABLE_OBJC_ARC = YES;
				CLANG_ENABLE_OBJC_WEAK = YES;
				CLANG_WARN_BLOCK_CAPTURE_AUTORELEASING = YES;
				CLANG_WARN_BOOL_CONVERSION = YES;
				CLANG_WARN_COMMA = YES;
				CLANG_WARN_CONSTANT_CONVERSION = YES;
				CLANG_WARN_DEPRECATED_OBJC_IMPLEMENTATIONS = YES;
				CLANG_WARN_DIRECT_OBJC_ISA_USAGE = YES_ERROR;
				CLANG_WARN_DOCUMENTATION_COMMENTS = YES;
				CLANG_WARN_EMPTY_BODY = YES;
				CLANG_WARN_ENUM_CONVERSION = YES;
				CLANG_WARN_INFINITE_RECURSION = YES;
				CLANG_WARN_INT_CONVERSION = YES;
				CLANG_WARN_NON_LITERAL_NULL_CONVERSION = YES;
				CLANG_WARN_OBJC_IMPLICIT_RETAIN_SELF = YES;
				CLANG_WARN_OBJC_LITERAL_CONVERSION = YES;
				CLANG_WARN_OBJC_ROOT_CLASS = YES_ERROR;
				CLANG_WARN_QUOTED_INCLUDE_IN_FRAMEWORK_HEADER = YES;
				CLANG_WARN_RANGE_LOOP_ANALYSIS = YES;
				CLANG_WARN_STRICT_PROTOTYPES = YES;
				CLANG_WARN_SUSPICIOUS_MOVE = YES;
				CLANG_WARN_UNGUARDED_AVAILABILITY = YES_AGGRESSIVE;
				CLANG_WARN_UNREACHABLE_CODE = YES;
				CLANG_WARN__DUPLICATE_METHOD_MATCH = YES;
				COPY_PHASE_STRIP = NO;
				DEBUG_INFORMATION_FORMAT = dwarf;
				ENABLE_STRICT_OBJC_MSGSEND = YES;
				ENABLE_TESTABILITY = YES;
				ENABLE_USER_SCRIPT_SANDBOXING = YES;
				GCC_C_LANGUAGE_STANDARD = gnu17;
				GCC_DYNAMIC_NO_PIC = NO;
				GCC_NO_COMMON_BLOCKS = YES;
				GCC_OPTIMIZATION_LEVEL = 0;
				GCC_PREPROCESSOR_DEFINITIONS = (
					"DEBUG=1",
					"$(inherited)",
				);
				GCC_WARN_64_TO_32_BIT_CONVERSION = YES;
				GCC_WARN_ABOUT_RETURN_TYPE = YES_ERROR;
				GCC_WARN_UNDECLARED_SELECTOR = YES;
				GCC_WARN_UNINITIALIZED_AUTOS = YES_AGGRESSIVE;
				GCC_WARN_UNUSED_FUNCTION = YES;
				GCC_WARN_UNUSED_VARIABLE = YES;
				IPHONEOS_DEPLOYMENT_TARGET = 17.2;
				LOCALIZATION_PREFERS_STRING_CATALOGS = YES;
				MTL_ENABLE_DEBUG_INFO = INCLUDE_SOURCE;
				MTL_FAST_MATH = YES;
				ONLY_ACTIVE_ARCH = YES;
				SDKROOT = iphoneos;
				SWIFT_ACTIVE_COMPILATION_CONDITIONS = "DEBUG $(inherited)";
				SWIFT_OPTIMIZATION_LEVEL = "-Onone";
			};
			name = Debug;
		};
		AD013A5E2B980AC700FAA950 /* Release */ = {
			isa = XCBuildConfiguration;
			buildSettings = {
				ALWAYS_SEARCH_USER_PATHS = NO;
				ASSETCATALOG_COMPILER_GENERATE_SWIFT_ASSET_SYMBOL_EXTENSIONS = YES;
				CLANG_ANALYZER_NONNULL = YES;
				CLANG_ANALYZER_NUMBER_OBJECT_CONVERSION = YES_AGGRESSIVE;
				CLANG_CXX_LANGUAGE_STANDARD = "gnu++20";
				CLANG_ENABLE_MODULES = YES;
				CLANG_ENABLE_OBJC_ARC = YES;
				CLANG_ENABLE_OBJC_WEAK = YES;
				CLANG_WARN_BLOCK_CAPTURE_AUTORELEASING = YES;
				CLANG_WARN_BOOL_CONVERSION = YES;
				CLANG_WARN_COMMA = YES;
				CLANG_WARN_CONSTANT_CONVERSION = YES;
				CLANG_WARN_DEPRECATED_OBJC_IMPLEMENTATIONS = YES;
				CLANG_WARN_DIRECT_OBJC_ISA_USAGE = YES_ERROR;
				CLANG_WARN_DOCUMENTATION_COMMENTS = YES;
				CLANG_WARN_EMPTY_BODY = YES;
				CLANG_WARN_ENUM_CONVERSION = YES;
				CLANG_WARN_INFINITE_RECURSION = YES;
				CLANG_WARN_INT_CONVERSION = YES;
				CLANG_WARN_NON_LITERAL_NULL_CONVERSION = YES;
				CLANG_WARN_OBJC_IMPLICIT_RETAIN_SELF = YES;
				CLANG_WARN_OBJC_LITERAL_CONVERSION = YES;
				CLANG_WARN_OBJC_ROOT_CLASS = YES_ERROR;
				CLANG_WARN_QUOTED_INCLUDE_IN_FRAMEWORK_HEADER = YES;
				CLANG_WARN_RANGE_LOOP_ANALYSIS = YES;
				CLANG_WARN_STRICT_PROTOTYPES = YES;
				CLANG_WARN_SUSPICIOUS_MOVE = YES;
				CLANG_WARN_UNGUARDED_AVAILABILITY = YES_AGGRESSIVE;
				CLANG_WARN_UNREACHABLE_CODE = YES;
				CLANG_WARN__DUPLICATE_METHOD_MATCH = YES;
				COPY_PHASE_STRIP = NO;
				DEBUG_INFORMATION_FORMAT = "dwarf-with-dsym";
				ENABLE_NS_ASSERTIONS = NO;
				ENABLE_STRICT_OBJC_MSGSEND = YES;
				ENABLE_USER_SCRIPT_SANDBOXING = YES;
				GCC_C_LANGUAGE_STANDARD = gnu17;
				GCC_NO_COMMON_BLOCKS = YES;
				GCC_WARN_64_TO_32_BIT_CONVERSION = YES;
				GCC_WARN_ABOUT_RETURN_TYPE = YES_ERROR;
				GCC_WARN_UNDECLARED_SELECTOR = YES;
				GCC_WARN_UNINITIALIZED_AUTOS = YES_AGGRESSIVE;
				GCC_WARN_UNUSED_FUNCTION = YES;
				GCC_WARN_UNUSED_VARIABLE = YES;
				IPHONEOS_DEPLOYMENT_TARGET = 17.2;
				LOCALIZATION_PREFERS_STRING_CATALOGS = YES;
				MTL_ENABLE_DEBUG_INFO = NO;
				MTL_FAST_MATH = YES;
				SDKROOT = iphoneos;
				SWIFT_COMPILATION_MODE = wholemodule;
				VALIDATE_PRODUCT = YES;
			};
			name = Release;
		};
		AD013A602B980AC700FAA950 /* Debug */ = {
			isa = XCBuildConfiguration;
			buildSettings = {
				ASSETCATALOG_COMPILER_APPICON_NAME = AppIcon;
				ASSETCATALOG_COMPILER_GLOBAL_ACCENT_COLOR_NAME = AccentColor;
				CODE_SIGN_STYLE = Automatic;
				CURRENT_PROJECT_VERSION = 1;
				DEVELOPMENT_ASSET_PATHS = "\"SwiftUIIntrospectSample/Preview Content\"";
				DEVELOPMENT_TEAM = HDFLLXK789;
				ENABLE_PREVIEWS = YES;
				GENERATE_INFOPLIST_FILE = YES;
				INFOPLIST_KEY_UIApplicationSceneManifest_Generation = YES;
				INFOPLIST_KEY_UIApplicationSupportsIndirectInputEvents = YES;
				INFOPLIST_KEY_UILaunchScreen_Generation = YES;
				INFOPLIST_KEY_UISupportedInterfaceOrientations_iPad = "UIInterfaceOrientationPortrait UIInterfaceOrientationPortraitUpsideDown UIInterfaceOrientationLandscapeLeft UIInterfaceOrientationLandscapeRight";
				INFOPLIST_KEY_UISupportedInterfaceOrientations_iPhone = "UIInterfaceOrientationPortrait UIInterfaceOrientationLandscapeLeft UIInterfaceOrientationLandscapeRight";
				IPHONEOS_DEPLOYMENT_TARGET = 15;
				LD_RUNPATH_SEARCH_PATHS = (
					"$(inherited)",
					"@executable_path/Frameworks",
				);
				MARKETING_VERSION = 1.0;
				PRODUCT_BUNDLE_IDENTIFIER = com.ycompany.SwiftUIIntrospectSample;
				PRODUCT_NAME = "$(TARGET_NAME)";
				SWIFT_EMIT_LOC_STRINGS = YES;
				SWIFT_VERSION = 5.0;
				TARGETED_DEVICE_FAMILY = "1,2";
			};
			name = Debug;
		};
		AD013A612B980AC700FAA950 /* Release */ = {
			isa = XCBuildConfiguration;
			buildSettings = {
				ASSETCATALOG_COMPILER_APPICON_NAME = AppIcon;
				ASSETCATALOG_COMPILER_GLOBAL_ACCENT_COLOR_NAME = AccentColor;
				CODE_SIGN_STYLE = Automatic;
				CURRENT_PROJECT_VERSION = 1;
				DEVELOPMENT_ASSET_PATHS = "\"SwiftUIIntrospectSample/Preview Content\"";
				DEVELOPMENT_TEAM = HDFLLXK789;
				ENABLE_PREVIEWS = YES;
				GENERATE_INFOPLIST_FILE = YES;
				INFOPLIST_KEY_UIApplicationSceneManifest_Generation = YES;
				INFOPLIST_KEY_UIApplicationSupportsIndirectInputEvents = YES;
				INFOPLIST_KEY_UILaunchScreen_Generation = YES;
				INFOPLIST_KEY_UISupportedInterfaceOrientations_iPad = "UIInterfaceOrientationPortrait UIInterfaceOrientationPortraitUpsideDown UIInterfaceOrientationLandscapeLeft UIInterfaceOrientationLandscapeRight";
				INFOPLIST_KEY_UISupportedInterfaceOrientations_iPhone = "UIInterfaceOrientationPortrait UIInterfaceOrientationLandscapeLeft UIInterfaceOrientationLandscapeRight";
				IPHONEOS_DEPLOYMENT_TARGET = 15;
				LD_RUNPATH_SEARCH_PATHS = (
					"$(inherited)",
					"@executable_path/Frameworks",
				);
				MARKETING_VERSION = 1.0;
				PRODUCT_BUNDLE_IDENTIFIER = com.ycompany.SwiftUIIntrospectSample;
				PRODUCT_NAME = "$(TARGET_NAME)";
				SWIFT_EMIT_LOC_STRINGS = YES;
				SWIFT_VERSION = 5.0;
				TARGETED_DEVICE_FAMILY = "1,2";
			};
			name = Release;
		};
/* End XCBuildConfiguration section */

/* Begin XCConfigurationList section */
		AD013A4C2B980AC500FAA950 /* Build configuration list for PBXProject "SwiftUIIntrospectSample" */ = {
			isa = XCConfigurationList;
			buildConfigurations = (
				AD013A5D2B980AC700FAA950 /* Debug */,
				AD013A5E2B980AC700FAA950 /* Release */,
			);
			defaultConfigurationIsVisible = 0;
			defaultConfigurationName = Release;
		};
		AD013A5F2B980AC700FAA950 /* Build configuration list for PBXNativeTarget "SwiftUIIntrospectSample" */ = {
			isa = XCConfigurationList;
			buildConfigurations = (
				AD013A602B980AC700FAA950 /* Debug */,
				AD013A612B980AC700FAA950 /* Release */,
			);
			defaultConfigurationIsVisible = 0;
			defaultConfigurationName = Release;
		};
/* End XCConfigurationList section */

/* Begin XCRemoteSwiftPackageReference section */
		AD013A6A2B980CDA00FAA950 /* XCRemoteSwiftPackageReference "swiftui-introspect" */ = {
			isa = XCRemoteSwiftPackageReference;
			repositoryURL = "https://github.com/siteline/swiftui-introspect";
			requirement = {
				kind = upToNextMajorVersion;
				minimumVersion = 1.1.3;
			};
		};
/* End XCRemoteSwiftPackageReference section */

/* Begin XCSwiftPackageProductDependency section */
		AD013A6B2B980CDA00FAA950 /* SwiftUIIntrospect */ = {
			isa = XCSwiftPackageProductDependency;
			package = AD013A6A2B980CDA00FAA950 /* XCRemoteSwiftPackageReference "swiftui-introspect" */;
			productName = SwiftUIIntrospect;
		};
		AD013A6D2B980CDA00FAA950 /* SwiftUIIntrospect-Dynamic */ = {
			isa = XCSwiftPackageProductDependency;
			package = AD013A6A2B980CDA00FAA950 /* XCRemoteSwiftPackageReference "swiftui-introspect" */;
			productName = "SwiftUIIntrospect-Dynamic";
		};
		AD013A6F2B980CDA00FAA950 /* SwiftUIIntrospect-Static */ = {
			isa = XCSwiftPackageProductDependency;
			package = AD013A6A2B980CDA00FAA950 /* XCRemoteSwiftPackageReference "swiftui-introspect" */;
			productName = "SwiftUIIntrospect-Static";
		};
/* End XCSwiftPackageProductDependency section */
	};
	rootObject = AD013A492B980AC500FAA950 /* Project object */;
}
